
Microsoft Visual Studio Solution File, Format Version 12.00
# Visual Studio Version 16
VisualStudioVersion = 16.0.31313.79
MinimumVisualStudioVersion = 10.0.40219.1
Project("{FAE04EC0-301F-11D3-BF4B-00C04F79EFBC}") = "League Pass Manager", "League Pass Manager\League Pass Manager.csproj", "{AB20FF9E-31F1-409C-92C6-7787FC8DDB53}"
EndProject
Global
	GlobalSection(SolutionConfigurationPlatforms) = preSolution
		Debug|Any CPU = Debug|Any CPU
		Release|Any CPU = Release|Any CPU
	EndGlobalSection
	GlobalSection(ProjectConfigurationPlatforms) = postSolution
		{AB20FF9E-31F1-409C-92C6-7787FC8DDB53}.Debug|Any CPU.ActiveCfg = Debug|Any CPU
		{AB20FF9E-31F1-409C-92C6-7787FC8DDB53}.Debug|Any CPU.Build.0 = Debug|Any CPU
		{AB20FF9E-31F1-409C-92C6-7787FC8DDB53}.Release|Any CPU.ActiveCfg = Release|Any CPU
		{AB20FF9E-31F1-409C-92C6-7787FC8DDB53}.Release|Any CPU.Build.0 = Release|Any CPU
	EndGlobalSection
	GlobalSection(SolutionProperties) = preSolution
		HideSolutionNode = FALSE
	EndGlobalSection
	GlobalSection(ExtensibilityGlobals) = postSolution
		SolutionGuid = {0E961FB7-2FF8-4C0A-B39B-A3ED5CD465B1}
	EndGlobalSection
EndGlobal
