
Microsoft Visual Studio Solution File, Format Version 12.00
# Visual Studio Version 17
VisualStudioVersion = 17.6.33617.297
MinimumVisualStudioVersion = 10.0.40219.1
Project("{FAE04EC0-301F-11D3-BF4B-00C04F79EFBC}") = "autofill", "autofill.csproj", "{D5DD172B-5145-4818-B973-C9BEB7554469}"
EndProject
Global
	GlobalSection(SolutionConfigurationPlatforms) = preSolution
		Debug|Any CPU = Debug|Any CPU
		Release|Any CPU = Release|Any CPU
	EndGlobalSection
	GlobalSection(ProjectConfigurationPlatforms) = postSolution
		{D5DD172B-5145-4818-B973-C9BEB7554469}.Debug|Any CPU.ActiveCfg = Debug|Any CPU
		{D5DD172B-5145-4818-B973-C9BEB7554469}.Debug|Any CPU.Build.0 = Debug|Any CPU
		{D5DD172B-5145-4818-B973-C9BEB7554469}.Release|Any CPU.ActiveCfg = Release|Any CPU
		{D5DD172B-5145-4818-B973-C9BEB7554469}.Release|Any CPU.Build.0 = Release|Any CPU
	EndGlobalSection
	GlobalSection(SolutionProperties) = preSolution
		HideSolutionNode = FALSE
	EndGlobalSection
	GlobalSection(ExtensibilityGlobals) = postSolution
		SolutionGuid = {774E3A5A-3958-4938-9533-436021DDF14A}
	EndGlobalSection
EndGlobal
